
Microsoft Visual Studio Solution File, Format Version 12.00
# Visual Studio Version 17
VisualStudioVersion = 17.11.35327.3
MinimumVisualStudioVersion = 10.0.40219.1
Project("{FAE04EC0-301F-11D3-BF4B-00C04F79EFBC}") = "Macao", "Macao_Rewritten\Macao.csproj", "{284BC75A-10D0-4200-B7C4-E4F50019E45E}"
EndProject
Global
	GlobalSection(SolutionConfigurationPlatforms) = preSolution
		Debug|Any CPU = Debug|Any CPU
		Release|Any CPU = Release|Any CPU
	EndGlobalSection
	GlobalSection(ProjectConfigurationPlatforms) = postSolution
		{284BC75A-10D0-4200-B7C4-E4F50019E45E}.Debug|Any CPU.ActiveCfg = Debug|Any CPU
		{284BC75A-10D0-4200-B7C4-E4F50019E45E}.Debug|Any CPU.Build.0 = Debug|Any CPU
		{284BC75A-10D0-4200-B7C4-E4F50019E45E}.Release|Any CPU.ActiveCfg = Release|Any CPU
		{284BC75A-10D0-4200-B7C4-E4F50019E45E}.Release|Any CPU.Build.0 = Release|Any CPU
	EndGlobalSection
	GlobalSection(SolutionProperties) = preSolution
		HideSolutionNode = FALSE
	EndGlobalSection
	GlobalSection(ExtensibilityGlobals) = postSolution
		SolutionGuid = {6D6F5F1A-0D84-4861-9F8D-81BF84D7F1CA}
	EndGlobalSection
EndGlobal
